
Microsoft Visual Studio Solution File, Format Version 12.00
# Visual Studio Version 17
VisualStudioVersion = 17.7.34024.191
MinimumVisualStudioVersion = 10.0.40219.1
Project("{FAE04EC0-301F-11D3-BF4B-00C04F79EFBC}") = "LoadPlanner", "LoadPlanner\LoadPlanner.csproj", "{5E787814-DE86-4A2B-8B16-6013BC0DDFAB}"
EndProject
Global
	GlobalSection(SolutionConfigurationPlatforms) = preSolution
		Debug|Any CPU = Debug|Any CPU
		Release|Any CPU = Release|Any CPU
	EndGlobalSection
	GlobalSection(ProjectConfigurationPlatforms) = postSolution
		{5E787814-DE86-4A2B-8B16-6013BC0DDFAB}.Debug|Any CPU.ActiveCfg = Debug|Any CPU
		{5E787814-DE86-4A2B-8B16-6013BC0DDFAB}.Debug|Any CPU.Build.0 = Debug|Any CPU
		{5E787814-DE86-4A2B-8B16-6013BC0DDFAB}.Release|Any CPU.ActiveCfg = Release|Any CPU
		{5E787814-DE86-4A2B-8B16-6013BC0DDFAB}.Release|Any CPU.Build.0 = Release|Any CPU
	EndGlobalSection
	GlobalSection(SolutionProperties) = preSolution
		HideSolutionNode = FALSE
	EndGlobalSection
	GlobalSection(ExtensibilityGlobals) = postSolution
		SolutionGuid = {7700BE25-DF44-4E90-9C41-1240F01E1307}
	EndGlobalSection
EndGlobal
